
Microsoft Visual Studio Solution File, Format Version 12.00
# Visual Studio Version 17
VisualStudioVersion = 17.1.32210.238
MinimumVisualStudioVersion = 10.0.40219.1
Project("{9A19103F-16F7-4668-BE54-9A1E7A4F7556}") = "Exercicio29", "Exercicio29\Exercicio29.csproj", "{E380C6BB-F4A7-436E-A7F7-191A6776DB58}"
EndProject
Project("{9A19103F-16F7-4668-BE54-9A1E7A4F7556}") = "Exercicio30_revisar", "Exercicio30\Exercicio30_revisar.csproj", "{2E5A2D4C-3F90-4DC7-AFCF-0927000EA2C6}"
EndProject
Project("{9A19103F-16F7-4668-BE54-9A1E7A4F7556}") = "Exercicio31", "Exercicio31\Exercicio31.csproj", "{4D72EB4A-22AA-48D2-B250-67FFE8199BEC}"
EndProject
Project("{9A19103F-16F7-4668-BE54-9A1E7A4F7556}") = "Exercicio32", "Exercicio32\Exercicio32.csproj", "{9F49169E-E45F-4AA1-BAF0-0ABCC081A02C}"
EndProject
Project("{9A19103F-16F7-4668-BE54-9A1E7A4F7556}") = "Exercicio33", "Exercicio33\Exercicio33.csproj", "{C68D544F-C49A-42A8-8770-CCE8FA786F37}"
EndProject
Project("{9A19103F-16F7-4668-BE54-9A1E7A4F7556}") = "Exercicio34", "Exercicio34\Exercicio34.csproj", "{C3546BD9-B3FA-42F7-8798-76E90109ED4B}"
EndProject
Project("{9A19103F-16F7-4668-BE54-9A1E7A4F7556}") = "Exercicio35", "Exercicio35\Exercicio35.csproj", "{54451450-DBD0-431F-ABE8-E72AF7AE15DB}"
EndProject
Project("{9A19103F-16F7-4668-BE54-9A1E7A4F7556}") = "Exercicio36", "Exercicio36\Exercicio36.csproj", "{64A35D4E-CB6F-46BF-A4B1-4521FA381012}"
EndProject
Project("{9A19103F-16F7-4668-BE54-9A1E7A4F7556}") = "Exercicio37", "Exercicio37\Exercicio37.csproj", "{FD2DAB3F-2A2E-4889-91D2-D05CC76A2FF0}"
EndProject
Project("{FAE04EC0-301F-11D3-BF4B-00C04F79EFBC}") = "Exercicio38", "Exercicio38\Exercicio38.csproj", "{40835999-433F-4B60-B019-EC099BFBB9FE}"
EndProject
Project("{FAE04EC0-301F-11D3-BF4B-00C04F79EFBC}") = "Exercicio39", "Exercicio39\Exercicio39.csproj", "{9CFC88A0-A368-4829-B637-60113A3B3680}"
EndProject
Project("{FAE04EC0-301F-11D3-BF4B-00C04F79EFBC}") = "Exercicio40", "Exercicio40\Exercicio40.csproj", "{EF4144F1-FE81-486A-8F27-FF8C12435353}"
EndProject
Project("{FAE04EC0-301F-11D3-BF4B-00C04F79EFBC}") = "Exercicio41", "Exercicio41\Exercicio41.csproj", "{288BDF6F-81CC-4074-A9AD-63367FB4ED0F}"
EndProject
Project("{FAE04EC0-301F-11D3-BF4B-00C04F79EFBC}") = "Exercicio42", "Exercicio42\Exercicio42.csproj", "{33C46363-13FB-4CB5-A3B9-B293039C8EAA}"
EndProject
Project("{FAE04EC0-301F-11D3-BF4B-00C04F79EFBC}") = "Exercicio43", "Exercicio43\Exercicio43.csproj", "{BC2C1DA1-E764-44E6-8F8D-475F8923F7DF}"
EndProject
Project("{FAE04EC0-301F-11D3-BF4B-00C04F79EFBC}") = "Exercicio44", "Exercicio44\Exercicio44.csproj", "{4F9FA3DE-9177-4B7B-9852-3A8A571F934B}"
EndProject
Project("{FAE04EC0-301F-11D3-BF4B-00C04F79EFBC}") = "Exercicio45_editar", "Exercicio45\Exercicio45_editar.csproj", "{7B752DB1-A2CD-413E-8592-9FD611EBED79}"
EndProject
Project("{FAE04EC0-301F-11D3-BF4B-00C04F79EFBC}") = "Exercicio46", "Exercicio46\Exercicio46.csproj", "{58BBF1F1-C1F3-4BBD-BBB3-926BF82D22D5}"
EndProject
Global
	GlobalSection(SolutionConfigurationPlatforms) = preSolution
		Debug|Any CPU = Debug|Any CPU
		Release|Any CPU = Release|Any CPU
	EndGlobalSection
	GlobalSection(ProjectConfigurationPlatforms) = postSolution
		{E380C6BB-F4A7-436E-A7F7-191A6776DB58}.Debug|Any CPU.ActiveCfg = Debug|Any CPU
		{E380C6BB-F4A7-436E-A7F7-191A6776DB58}.Debug|Any CPU.Build.0 = Debug|Any CPU
		{E380C6BB-F4A7-436E-A7F7-191A6776DB58}.Release|Any CPU.ActiveCfg = Release|Any CPU
		{E380C6BB-F4A7-436E-A7F7-191A6776DB58}.Release|Any CPU.Build.0 = Release|Any CPU
		{2E5A2D4C-3F90-4DC7-AFCF-0927000EA2C6}.Debug|Any CPU.ActiveCfg = Debug|Any CPU
		{2E5A2D4C-3F90-4DC7-AFCF-0927000EA2C6}.Debug|Any CPU.Build.0 = Debug|Any CPU
		{2E5A2D4C-3F90-4DC7-AFCF-0927000EA2C6}.Release|Any CPU.ActiveCfg = Release|Any CPU
		{2E5A2D4C-3F90-4DC7-AFCF-0927000EA2C6}.Release|Any CPU.Build.0 = Release|Any CPU
		{4D72EB4A-22AA-48D2-B250-67FFE8199BEC}.Debug|Any CPU.ActiveCfg = Debug|Any CPU
		{4D72EB4A-22AA-48D2-B250-67FFE8199BEC}.Debug|Any CPU.Build.0 = Debug|Any CPU
		{4D72EB4A-22AA-48D2-B250-67FFE8199BEC}.Release|Any CPU.ActiveCfg = Release|Any CPU
		{4D72EB4A-22AA-48D2-B250-67FFE8199BEC}.Release|Any CPU.Build.0 = Release|Any CPU
		{9F49169E-E45F-4AA1-BAF0-0ABCC081A02C}.Debug|Any CPU.ActiveCfg = Debug|Any CPU
		{9F49169E-E45F-4AA1-BAF0-0ABCC081A02C}.Debug|Any CPU.Build.0 = Debug|Any CPU
		{9F49169E-E45F-4AA1-BAF0-0ABCC081A02C}.Release|Any CPU.ActiveCfg = Release|Any CPU
		{9F49169E-E45F-4AA1-BAF0-0ABCC081A02C}.Release|Any CPU.Build.0 = Release|Any CPU
		{C68D544F-C49A-42A8-8770-CCE8FA786F37}.Debug|Any CPU.ActiveCfg = Debug|Any CPU
		{C68D544F-C49A-42A8-8770-CCE8FA786F37}.Debug|Any CPU.Build.0 = Debug|Any CPU
		{C68D544F-C49A-42A8-8770-CCE8FA786F37}.Release|Any CPU.ActiveCfg = Release|Any CPU
		{C68D544F-C49A-42A8-8770-CCE8FA786F37}.Release|Any CPU.Build.0 = Release|Any CPU
		{C3546BD9-B3FA-42F7-8798-76E90109ED4B}.Debug|Any CPU.ActiveCfg = Debug|Any CPU
		{C3546BD9-B3FA-42F7-8798-76E90109ED4B}.Debug|Any CPU.Build.0 = Debug|Any CPU
		{C3546BD9-B3FA-42F7-8798-76E90109ED4B}.Release|Any CPU.ActiveCfg = Release|Any CPU
		{C3546BD9-B3FA-42F7-8798-76E90109ED4B}.Release|Any CPU.Build.0 = Release|Any CPU
		{54451450-DBD0-431F-ABE8-E72AF7AE15DB}.Debug|Any CPU.ActiveCfg = Debug|Any CPU
		{54451450-DBD0-431F-ABE8-E72AF7AE15DB}.Debug|Any CPU.Build.0 = Debug|Any CPU
		{54451450-DBD0-431F-ABE8-E72AF7AE15DB}.Release|Any CPU.ActiveCfg = Release|Any CPU
		{54451450-DBD0-431F-ABE8-E72AF7AE15DB}.Release|Any CPU.Build.0 = Release|Any CPU
		{64A35D4E-CB6F-46BF-A4B1-4521FA381012}.Debug|Any CPU.ActiveCfg = Debug|Any CPU
		{64A35D4E-CB6F-46BF-A4B1-4521FA381012}.Debug|Any CPU.Build.0 = Debug|Any CPU
		{64A35D4E-CB6F-46BF-A4B1-4521FA381012}.Release|Any CPU.ActiveCfg = Release|Any CPU
		{64A35D4E-CB6F-46BF-A4B1-4521FA381012}.Release|Any CPU.Build.0 = Release|Any CPU
		{FD2DAB3F-2A2E-4889-91D2-D05CC76A2FF0}.Debug|Any CPU.ActiveCfg = Debug|Any CPU
		{FD2DAB3F-2A2E-4889-91D2-D05CC76A2FF0}.Debug|Any CPU.Build.0 = Debug|Any CPU
		{FD2DAB3F-2A2E-4889-91D2-D05CC76A2FF0}.Release|Any CPU.ActiveCfg = Release|Any CPU
		{FD2DAB3F-2A2E-4889-91D2-D05CC76A2FF0}.Release|Any CPU.Build.0 = Release|Any CPU
		{40835999-433F-4B60-B019-EC099BFBB9FE}.Debug|Any CPU.ActiveCfg = Debug|Any CPU
		{40835999-433F-4B60-B019-EC099BFBB9FE}.Debug|Any CPU.Build.0 = Debug|Any CPU
		{40835999-433F-4B60-B019-EC099BFBB9FE}.Release|Any CPU.ActiveCfg = Release|Any CPU
		{40835999-433F-4B60-B019-EC099BFBB9FE}.Release|Any CPU.Build.0 = Release|Any CPU
		{9CFC88A0-A368-4829-B637-60113A3B3680}.Debug|Any CPU.ActiveCfg = Debug|Any CPU
		{9CFC88A0-A368-4829-B637-60113A3B3680}.Debug|Any CPU.Build.0 = Debug|Any CPU
		{9CFC88A0-A368-4829-B637-60113A3B3680}.Release|Any CPU.ActiveCfg = Release|Any CPU
		{9CFC88A0-A368-4829-B637-60113A3B3680}.Release|Any CPU.Build.0 = Release|Any CPU
		{EF4144F1-FE81-486A-8F27-FF8C12435353}.Debug|Any CPU.ActiveCfg = Debug|Any CPU
		{EF4144F1-FE81-486A-8F27-FF8C12435353}.Debug|Any CPU.Build.0 = Debug|Any CPU
		{EF4144F1-FE81-486A-8F27-FF8C12435353}.Release|Any CPU.ActiveCfg = Release|Any CPU
		{EF4144F1-FE81-486A-8F27-FF8C12435353}.Release|Any CPU.Build.0 = Release|Any CPU
		{288BDF6F-81CC-4074-A9AD-63367FB4ED0F}.Debug|Any CPU.ActiveCfg = Debug|Any CPU
		{288BDF6F-81CC-4074-A9AD-63367FB4ED0F}.Debug|Any CPU.Build.0 = Debug|Any CPU
		{288BDF6F-81CC-4074-A9AD-63367FB4ED0F}.Release|Any CPU.ActiveCfg = Release|Any CPU
		{288BDF6F-81CC-4074-A9AD-63367FB4ED0F}.Release|Any CPU.Build.0 = Release|Any CPU
		{33C46363-13FB-4CB5-A3B9-B293039C8EAA}.Debug|Any CPU.ActiveCfg = Debug|Any CPU
		{33C46363-13FB-4CB5-A3B9-B293039C8EAA}.Debug|Any CPU.Build.0 = Debug|Any CPU
		{33C46363-13FB-4CB5-A3B9-B293039C8EAA}.Release|Any CPU.ActiveCfg = Release|Any CPU
		{33C46363-13FB-4CB5-A3B9-B293039C8EAA}.Release|Any CPU.Build.0 = Release|Any CPU
		{BC2C1DA1-E764-44E6-8F8D-475F8923F7DF}.Debug|Any CPU.ActiveCfg = Debug|Any CPU
		{BC2C1DA1-E764-44E6-8F8D-475F8923F7DF}.Debug|Any CPU.Build.0 = Debug|Any CPU
		{BC2C1DA1-E764-44E6-8F8D-475F8923F7DF}.Release|Any CPU.ActiveCfg = Release|Any CPU
		{BC2C1DA1-E764-44E6-8F8D-475F8923F7DF}.Release|Any CPU.Build.0 = Release|Any CPU
		{4F9FA3DE-9177-4B7B-9852-3A8A571F934B}.Debug|Any CPU.ActiveCfg = Debug|Any CPU
		{4F9FA3DE-9177-4B7B-9852-3A8A571F934B}.Debug|Any CPU.Build.0 = Debug|Any CPU
		{4F9FA3DE-9177-4B7B-9852-3A8A571F934B}.Release|Any CPU.ActiveCfg = Release|Any CPU
		{4F9FA3DE-9177-4B7B-9852-3A8A571F934B}.Release|Any CPU.Build.0 = Release|Any CPU
		{7B752DB1-A2CD-413E-8592-9FD611EBED79}.Debug|Any CPU.ActiveCfg = Debug|Any CPU
		{7B752DB1-A2CD-413E-8592-9FD611EBED79}.Debug|Any CPU.Build.0 = Debug|Any CPU
		{7B752DB1-A2CD-413E-8592-9FD611EBED79}.Release|Any CPU.ActiveCfg = Release|Any CPU
		{7B752DB1-A2CD-413E-8592-9FD611EBED79}.Release|Any CPU.Build.0 = Release|Any CPU
		{58BBF1F1-C1F3-4BBD-BBB3-926BF82D22D5}.Debug|Any CPU.ActiveCfg = Debug|Any CPU
		{58BBF1F1-C1F3-4BBD-BBB3-926BF82D22D5}.Debug|Any CPU.Build.0 = Debug|Any CPU
		{58BBF1F1-C1F3-4BBD-BBB3-926BF82D22D5}.Release|Any CPU.ActiveCfg = Release|Any CPU
		{58BBF1F1-C1F3-4BBD-BBB3-926BF82D22D5}.Release|Any CPU.Build.0 = Release|Any CPU
	EndGlobalSection
	GlobalSection(SolutionProperties) = preSolution
		HideSolutionNode = FALSE
	EndGlobalSection
	GlobalSection(ExtensibilityGlobals) = postSolution
		SolutionGuid = {5710606E-2627-4E37-BE87-07CDEAE59248}
	EndGlobalSection
EndGlobal
