
Microsoft Visual Studio Solution File, Format Version 12.00
# Visual Studio Version 17
VisualStudioVersion = 17.1.32210.238
MinimumVisualStudioVersion = 10.0.40219.1
Project("{9A19103F-16F7-4668-BE54-9A1E7A4F7556}") = "Exercicio29", "Exercicio29\Exercicio29.csproj", "{E380C6BB-F4A7-436E-A7F7-191A6776DB58}"
EndProject
Project("{9A19103F-16F7-4668-BE54-9A1E7A4F7556}") = "Exercicio30_revisar", "Exercicio30\Exercicio30_revisar.csproj", "{2E5A2D4C-3F90-4DC7-AFCF-0927000EA2C6}"
EndProject
Project("{9A19103F-16F7-4668-BE54-9A1E7A4F7556}") = "Exercicio31", "Exercicio31\Exercicio31.csproj", "{4D72EB4A-22AA-48D2-B250-67FFE8199BEC}"
EndProject
Project("{9A19103F-16F7-4668-BE54-9A1E7A4F7556}") = "Exercicio32", "Exercicio32\Exercicio32.csproj", "{9F49169E-E45F-4AA1-BAF0-0ABCC081A02C}"
EndProject
Project("{9A19103F-16F7-4668-BE54-9A1E7A4F7556}") = "Exercicio33", "Exercicio33\Exercicio33.csproj", "{C68D544F-C49A-42A8-8770-CCE8FA786F37}"
EndProject
Project("{9A19103F-16F7-4668-BE54-9A1E7A4F7556}") = "Exercicio34", "Exercicio34\Exercicio34.csproj", "{C3546BD9-B3FA-42F7-8798-76E90109ED4B}"
EndProject
Project("{9A19103F-16F7-4668-BE54-9A1E7A4F7556}") = "Exercicio35", "Exercicio35\Exercicio35.csproj", "{54451450-DBD0-431F-ABE8-E72AF7AE15DB}"
EndProject
Project("{9A19103F-16F7-4668-BE54-9A1E7A4F7556}") = "Exercicio36", "Exercicio36\Exercicio36.csproj", "{64A35D4E-CB6F-46BF-A4B1-4521FA381012}"
EndProject
Project("{9A19103F-16F7-4668-BE54-9A1E7A4F7556}") = "Exercicio37", "Exercicio37\Exercicio37.csproj", "{FD2DAB3F-2A2E-4889-91D2-D05CC76A2FF0}"
EndProject
Project("{9A19103F-16F7-4668-BE54-9A1E7A4F7556}") = "Exercicio38", "Exercicio38\Exercicio38.csproj", "{40835999-433F-4B60-B019-EC099BFBB9FE}"
EndProject
Project("{9A19103F-16F7-4668-BE54-9A1E7A4F7556}") = "Exercicio39", "Exercicio39\Exercicio39.csproj", "{9CFC88A0-A368-4829-B637-60113A3B3680}"
EndProject
Project("{9A19103F-16F7-4668-BE54-9A1E7A4F7556}") = "Exercicio40", "Exercicio40\Exercicio40.csproj", "{EF4144F1-FE81-486A-8F27-FF8C12435353}"
EndProject
Project("{9A19103F-16F7-4668-BE54-9A1E7A4F7556}") = "Exercicio41", "Exercicio41\Exercicio41.csproj", "{288BDF6F-81CC-4074-A9AD-63367FB4ED0F}"
EndProject
Project("{9A19103F-16F7-4668-BE54-9A1E7A4F7556}") = "Exercicio42", "Exercicio42\Exercicio42.csproj", "{33C46363-13FB-4CB5-A3B9-B293039C8EAA}"
EndProject
Project("{9A19103F-16F7-4668-BE54-9A1E7A4F7556}") = "Exercicio43", "Exercicio43\Exercicio43.csproj", "{BC2C1DA1-E764-44E6-8F8D-475F8923F7DF}"
EndProject
Project("{9A19103F-16F7-4668-BE54-9A1E7A4F7556}") = "Exercicio44", "Exercicio44\Exercicio44.csproj", "{4F9FA3DE-9177-4B7B-9852-3A8A571F934B}"
EndProject
Project("{9A19103F-16F7-4668-BE54-9A1E7A4F7556}") = "Exercicio45_e", "Exercicio45\Exercicio45_e.csproj", "{7B752DB1-A2CD-413E-8592-9FD611EBED79}"
EndProject
Project("{9A19103F-16F7-4668-BE54-9A1E7A4F7556}") = "Exercicio46_r", "Exercicio46\Exercicio46_r.csproj", "{58BBF1F1-C1F3-4BBD-BBB3-926BF82D22D5}"
EndProject
Project("{9A19103F-16F7-4668-BE54-9A1E7A4F7556}") = "Exercicio47_r", "Exercicio47\Exercicio47_r.csproj", "{822A4174-F74D-4DED-AC56-5E588DF2F919}"
EndProject
Project("{9A19103F-16F7-4668-BE54-9A1E7A4F7556}") = "Exercicio01", "..\ESTUDOS\Csharp\Exercicio01\Exercicio01.csproj", "{85D74B67-126C-4730-B545-F1EFA342365C}"
EndProject
Project("{9A19103F-16F7-4668-BE54-9A1E7A4F7556}") = "Exercicio02", "..\ESTUDOS\Csharp\Exercicio02\Exercicio02.csproj", "{DBC51B52-88C4-4D95-88CD-43C25E37FC37}"
EndProject
Project("{9A19103F-16F7-4668-BE54-9A1E7A4F7556}") = "Exercicio03", "..\ESTUDOS\Csharp\Exercicio03\Exercicio03.csproj", "{4A49D1C7-5488-4829-AE2B-EA2FCA66D53E}"
EndProject
Project("{9A19103F-16F7-4668-BE54-9A1E7A4F7556}") = "Exercicio04", "Exercicio04\Exercicio04.csproj", "{58543065-F932-45BC-81D8-6F876283902C}"
EndProject
Project("{9A19103F-16F7-4668-BE54-9A1E7A4F7556}") = "Exercicio05", "Exercicio05\Exercicio05.csproj", "{F1E00515-6480-4657-821E-2017DC40AD31}"
EndProject
Project("{9A19103F-16F7-4668-BE54-9A1E7A4F7556}") = "Exercicio06", "Exercicio06\Exercicio06.csproj", "{005075E3-7C46-4C59-BFFD-7FFE0CA589E1}"
EndProject
Project("{9A19103F-16F7-4668-BE54-9A1E7A4F7556}") = "Exercicio07", "..\ESTUDOS\Csharp\Exercicio07\Exercicio07.csproj", "{D9AB321B-43C8-4DD0-A19C-9C0389AE8138}"
EndProject
Project("{9A19103F-16F7-4668-BE54-9A1E7A4F7556}") = "Exercicio08", "..\ESTUDOS\Csharp\Exercicio08\Exercicio08.csproj", "{E16D3677-1590-41D8-ADC9-CFAA4226E8BF}"
EndProject
Project("{9A19103F-16F7-4668-BE54-9A1E7A4F7556}") = "Exercicio09", "..\ESTUDOS\Csharp\Exercicio09\Exercicio09.csproj", "{EA31B27E-F738-4F3E-AE72-A7609FDCBE01}"
EndProject
Project("{9A19103F-16F7-4668-BE54-9A1E7A4F7556}") = "Exercicio10", "..\ESTUDOS\Csharp\Exercicios10\Exercicio10.csproj", "{1BFFA30A-A8CC-4497-90B7-1BD373572D53}"
EndProject
Project("{9A19103F-16F7-4668-BE54-9A1E7A4F7556}") = "Exercicio11", "..\ESTUDOS\Csharp\Exercicio11\Exercicio11.csproj", "{553E32EA-0F2B-45DA-A69F-C172BD133FC1}"
EndProject
Project("{9A19103F-16F7-4668-BE54-9A1E7A4F7556}") = "Exercicio12", "..\ESTUDOS\Csharp\Exercicio12\Exercicio12.csproj", "{F6F2E79A-5106-461D-A72E-D06E8D61E4E9}"
EndProject
Project("{9A19103F-16F7-4668-BE54-9A1E7A4F7556}") = "Exercicio13", "..\ESTUDOS\Csharp\Exercicio13\Exercicio13.csproj", "{B5A78AA4-BEC0-4E2A-9705-754FEFCFDCFA}"
EndProject
Project("{9A19103F-16F7-4668-BE54-9A1E7A4F7556}") = "Exercicio14", "Exercicio14\Exercicio14.csproj", "{1C514523-1CBC-466B-8431-7A16CC88EA69}"
EndProject
Project("{9A19103F-16F7-4668-BE54-9A1E7A4F7556}") = "Exercicio15", "..\ESTUDOS\Csharp\Exercicio15\Exercicio15.csproj", "{425F823D-77F0-47FA-976F-60BEAF0A9143}"
EndProject
Project("{9A19103F-16F7-4668-BE54-9A1E7A4F7556}") = "Exercicio16", "..\ESTUDOS\Csharp\Exercicio16\Exercicio16.csproj", "{58F87504-3C66-4FA9-8A07-2722D8F5130C}"
EndProject
Project("{9A19103F-16F7-4668-BE54-9A1E7A4F7556}") = "Exercicio16.1", "..\ESTUDOS\Csharp\Exercicio16.1\Exercicio16.1.csproj", "{E9D2CCCF-1B13-4C59-ACB1-34FD30783E0A}"
EndProject
Project("{9A19103F-16F7-4668-BE54-9A1E7A4F7556}") = "Exercicio16.2", "..\ESTUDOS\Csharp\Exercicio16.2\Exercicio16.2.csproj", "{BAA6D362-6600-4FAB-8F32-C7342C8EF5EE}"
EndProject
Project("{9A19103F-16F7-4668-BE54-9A1E7A4F7556}") = "Exercicio17", "..\ESTUDOS\Csharp\Exercicio17\Exercicio17.csproj", "{63B6D356-81BD-4F67-AEC8-1F8CBDD25DE9}"
EndProject
Project("{9A19103F-16F7-4668-BE54-9A1E7A4F7556}") = "Exercicio18", "..\ESTUDOS\Csharp\Exercicio18\Exercicio18.csproj", "{EA2D5473-5DF4-400D-BA99-88A740F4BE77}"
EndProject
Project("{9A19103F-16F7-4668-BE54-9A1E7A4F7556}") = "Exercicio19", "..\ESTUDOS\Csharp\Exercicio19\Exercicio19.csproj", "{E2127FA1-97A9-41E2-925E-7001EDD96325}"
EndProject
Project("{9A19103F-16F7-4668-BE54-9A1E7A4F7556}") = "Exercicio20", "..\ESTUDOS\Csharp\Exercicio20\Exercicio20.csproj", "{76246984-E204-40D9-993F-6E560FFF6D5D}"
EndProject
Project("{9A19103F-16F7-4668-BE54-9A1E7A4F7556}") = "Exercicio21__", "..\ESTUDOS\Csharp\Exercicio21\Exercicio21__.csproj", "{0CCEA943-D055-444E-842A-3A0FF9D990D1}"
EndProject
Project("{9A19103F-16F7-4668-BE54-9A1E7A4F7556}") = "Exercicio22", "..\ESTUDOS\Csharp\Exercicio22\Exercicio22.csproj", "{03D290C9-E057-4FAF-AC1E-A1BFB105B86A}"
EndProject
Project("{9A19103F-16F7-4668-BE54-9A1E7A4F7556}") = "Exercicio23", "..\ESTUDOS\Csharp\Exercicio23\Exercicio23.csproj", "{841AB7A7-5617-456E-B6B4-23484B8C9757}"
EndProject
Project("{9A19103F-16F7-4668-BE54-9A1E7A4F7556}") = "Exercicio24", "..\ESTUDOS\Csharp\Exercicio24\Exercicio24.csproj", "{049131F4-F321-4867-95CF-87349EAF37E9}"
EndProject
Project("{9A19103F-16F7-4668-BE54-9A1E7A4F7556}") = "Exercicio25", "..\ESTUDOS\Csharp\Exercicio25\Exercicio25.csproj", "{C1015363-4721-4F32-A333-8E02DCBDDCCE}"
EndProject
Project("{9A19103F-16F7-4668-BE54-9A1E7A4F7556}") = "Exercicio26", "..\ESTUDOS\Csharp\Exercicio26\Exercicio26.csproj", "{414D7A0D-8DB3-4EEA-8DB4-445AE8393BC4}"
EndProject
Project("{9A19103F-16F7-4668-BE54-9A1E7A4F7556}") = "Exercicio27", "..\ESTUDOS\Csharp\Exercicio27\Exercicio27.csproj", "{5C0B28DF-63C3-434A-A407-7227BF5F8320}"
EndProject
Project("{9A19103F-16F7-4668-BE54-9A1E7A4F7556}") = "Exercicio28", "..\ESTUDOS\Csharp\Exercicio28\Exercicio28.csproj", "{8B4729F4-9FBD-4F8B-9267-12867EF75C8E}"
EndProject
Project("{FAE04EC0-301F-11D3-BF4B-00C04F79EFBC}") = "Exercicio48", "Exercicio48\Exercicio48.csproj", "{90AB46EB-24FE-47D7-9A66-67ECD32970A1}"
EndProject
Project("{FAE04EC0-301F-11D3-BF4B-00C04F79EFBC}") = "Exercicio49", "Exercicio49\Exercicio49.csproj", "{5015FA7E-0951-41AF-941B-43ADE5C44AE6}"
EndProject
Project("{FAE04EC0-301F-11D3-BF4B-00C04F79EFBC}") = "Exercicio50_e", "Exercicio50\Exercicio50_e.csproj", "{958E86EC-AA7F-4326-A45B-CE2A09707036}"
EndProject
Project("{FAE04EC0-301F-11D3-BF4B-00C04F79EFBC}") = "Exercicio51", "Exercicio51\Exercicio51.csproj", "{71DF1AC0-949F-4B9C-A587-88AF2B218FAD}"
EndProject
Project("{FAE04EC0-301F-11D3-BF4B-00C04F79EFBC}") = "Exercicio52", "Exercicio52\Exercicio52.csproj", "{20C0C9F5-EF44-4D30-9F3B-022448435452}"
EndProject
Project("{FAE04EC0-301F-11D3-BF4B-00C04F79EFBC}") = "Exercicio53", "Exercicio53\Exercicio53.csproj", "{28BDEC52-E0C3-4E32-925F-EBD73ED945CA}"
EndProject
Project("{FAE04EC0-301F-11D3-BF4B-00C04F79EFBC}") = "Exercicio54_e", "Exercicio54\Exercicio54_e.csproj", "{3D296B5B-E59E-4805-AAFD-26C571873EF4}"
EndProject
Project("{FAE04EC0-301F-11D3-BF4B-00C04F79EFBC}") = "Exercicio55_", "Exercicio55\Exercicio55_.csproj", "{77DA16D3-F8A2-4C6A-9D27-4A86F447AF74}"
EndProject
Project("{FAE04EC0-301F-11D3-BF4B-00C04F79EFBC}") = "Exercicio56", "Exercicio56\Exercicio56.csproj", "{32B53142-671E-47B3-B576-30065D23F2EF}"
EndProject
Project("{FAE04EC0-301F-11D3-BF4B-00C04F79EFBC}") = "Exercicio57", "Exercicio57\Exercicio57.csproj", "{C9A3E63F-5D52-484F-BC3A-ECFFC59FEBC3}"
EndProject
Project("{FAE04EC0-301F-11D3-BF4B-00C04F79EFBC}") = "Exercicio58", "Exercicio58\Exercicio58.csproj", "{C3B27549-9237-4D14-A35F-F624AE01ECA6}"
EndProject
Project("{FAE04EC0-301F-11D3-BF4B-00C04F79EFBC}") = "Exercicio59", "Exercicio59\Exercicio59.csproj", "{46A14E42-5EF0-4822-BA98-5A8937997B9E}"
EndProject
Project("{FAE04EC0-301F-11D3-BF4B-00C04F79EFBC}") = "Exercicio60", "Exercicio60\Exercicio60.csproj", "{53BA71A0-BED2-4F05-AF23-794B71368E1B}"
EndProject
Global
	GlobalSection(SolutionConfigurationPlatforms) = preSolution
		Debug|Any CPU = Debug|Any CPU
		Release|Any CPU = Release|Any CPU
	EndGlobalSection
	GlobalSection(ProjectConfigurationPlatforms) = postSolution
		{E380C6BB-F4A7-436E-A7F7-191A6776DB58}.Debug|Any CPU.ActiveCfg = Debug|Any CPU
		{E380C6BB-F4A7-436E-A7F7-191A6776DB58}.Debug|Any CPU.Build.0 = Debug|Any CPU
		{E380C6BB-F4A7-436E-A7F7-191A6776DB58}.Release|Any CPU.ActiveCfg = Release|Any CPU
		{E380C6BB-F4A7-436E-A7F7-191A6776DB58}.Release|Any CPU.Build.0 = Release|Any CPU
		{2E5A2D4C-3F90-4DC7-AFCF-0927000EA2C6}.Debug|Any CPU.ActiveCfg = Debug|Any CPU
		{2E5A2D4C-3F90-4DC7-AFCF-0927000EA2C6}.Debug|Any CPU.Build.0 = Debug|Any CPU
		{2E5A2D4C-3F90-4DC7-AFCF-0927000EA2C6}.Release|Any CPU.ActiveCfg = Release|Any CPU
		{2E5A2D4C-3F90-4DC7-AFCF-0927000EA2C6}.Release|Any CPU.Build.0 = Release|Any CPU
		{4D72EB4A-22AA-48D2-B250-67FFE8199BEC}.Debug|Any CPU.ActiveCfg = Debug|Any CPU
		{4D72EB4A-22AA-48D2-B250-67FFE8199BEC}.Debug|Any CPU.Build.0 = Debug|Any CPU
		{4D72EB4A-22AA-48D2-B250-67FFE8199BEC}.Release|Any CPU.ActiveCfg = Release|Any CPU
		{4D72EB4A-22AA-48D2-B250-67FFE8199BEC}.Release|Any CPU.Build.0 = Release|Any CPU
		{9F49169E-E45F-4AA1-BAF0-0ABCC081A02C}.Debug|Any CPU.ActiveCfg = Debug|Any CPU
		{9F49169E-E45F-4AA1-BAF0-0ABCC081A02C}.Debug|Any CPU.Build.0 = Debug|Any CPU
		{9F49169E-E45F-4AA1-BAF0-0ABCC081A02C}.Release|Any CPU.ActiveCfg = Release|Any CPU
		{9F49169E-E45F-4AA1-BAF0-0ABCC081A02C}.Release|Any CPU.Build.0 = Release|Any CPU
		{C68D544F-C49A-42A8-8770-CCE8FA786F37}.Debug|Any CPU.ActiveCfg = Debug|Any CPU
		{C68D544F-C49A-42A8-8770-CCE8FA786F37}.Debug|Any CPU.Build.0 = Debug|Any CPU
		{C68D544F-C49A-42A8-8770-CCE8FA786F37}.Release|Any CPU.ActiveCfg = Release|Any CPU
		{C68D544F-C49A-42A8-8770-CCE8FA786F37}.Release|Any CPU.Build.0 = Release|Any CPU
		{C3546BD9-B3FA-42F7-8798-76E90109ED4B}.Debug|Any CPU.ActiveCfg = Debug|Any CPU
		{C3546BD9-B3FA-42F7-8798-76E90109ED4B}.Debug|Any CPU.Build.0 = Debug|Any CPU
		{C3546BD9-B3FA-42F7-8798-76E90109ED4B}.Release|Any CPU.ActiveCfg = Release|Any CPU
		{C3546BD9-B3FA-42F7-8798-76E90109ED4B}.Release|Any CPU.Build.0 = Release|Any CPU
		{54451450-DBD0-431F-ABE8-E72AF7AE15DB}.Debug|Any CPU.ActiveCfg = Debug|Any CPU
		{54451450-DBD0-431F-ABE8-E72AF7AE15DB}.Debug|Any CPU.Build.0 = Debug|Any CPU
		{54451450-DBD0-431F-ABE8-E72AF7AE15DB}.Release|Any CPU.ActiveCfg = Release|Any CPU
		{54451450-DBD0-431F-ABE8-E72AF7AE15DB}.Release|Any CPU.Build.0 = Release|Any CPU
		{64A35D4E-CB6F-46BF-A4B1-4521FA381012}.Debug|Any CPU.ActiveCfg = Debug|Any CPU
		{64A35D4E-CB6F-46BF-A4B1-4521FA381012}.Debug|Any CPU.Build.0 = Debug|Any CPU
		{64A35D4E-CB6F-46BF-A4B1-4521FA381012}.Release|Any CPU.ActiveCfg = Release|Any CPU
		{64A35D4E-CB6F-46BF-A4B1-4521FA381012}.Release|Any CPU.Build.0 = Release|Any CPU
		{FD2DAB3F-2A2E-4889-91D2-D05CC76A2FF0}.Debug|Any CPU.ActiveCfg = Debug|Any CPU
		{FD2DAB3F-2A2E-4889-91D2-D05CC76A2FF0}.Debug|Any CPU.Build.0 = Debug|Any CPU
		{FD2DAB3F-2A2E-4889-91D2-D05CC76A2FF0}.Release|Any CPU.ActiveCfg = Release|Any CPU
		{FD2DAB3F-2A2E-4889-91D2-D05CC76A2FF0}.Release|Any CPU.Build.0 = Release|Any CPU
		{40835999-433F-4B60-B019-EC099BFBB9FE}.Debug|Any CPU.ActiveCfg = Debug|Any CPU
		{40835999-433F-4B60-B019-EC099BFBB9FE}.Debug|Any CPU.Build.0 = Debug|Any CPU
		{40835999-433F-4B60-B019-EC099BFBB9FE}.Release|Any CPU.ActiveCfg = Release|Any CPU
		{40835999-433F-4B60-B019-EC099BFBB9FE}.Release|Any CPU.Build.0 = Release|Any CPU
		{9CFC88A0-A368-4829-B637-60113A3B3680}.Debug|Any CPU.ActiveCfg = Debug|Any CPU
		{9CFC88A0-A368-4829-B637-60113A3B3680}.Debug|Any CPU.Build.0 = Debug|Any CPU
		{9CFC88A0-A368-4829-B637-60113A3B3680}.Release|Any CPU.ActiveCfg = Release|Any CPU
		{9CFC88A0-A368-4829-B637-60113A3B3680}.Release|Any CPU.Build.0 = Release|Any CPU
		{EF4144F1-FE81-486A-8F27-FF8C12435353}.Debug|Any CPU.ActiveCfg = Debug|Any CPU
		{EF4144F1-FE81-486A-8F27-FF8C12435353}.Debug|Any CPU.Build.0 = Debug|Any CPU
		{EF4144F1-FE81-486A-8F27-FF8C12435353}.Release|Any CPU.ActiveCfg = Release|Any CPU
		{EF4144F1-FE81-486A-8F27-FF8C12435353}.Release|Any CPU.Build.0 = Release|Any CPU
		{288BDF6F-81CC-4074-A9AD-63367FB4ED0F}.Debug|Any CPU.ActiveCfg = Debug|Any CPU
		{288BDF6F-81CC-4074-A9AD-63367FB4ED0F}.Debug|Any CPU.Build.0 = Debug|Any CPU
		{288BDF6F-81CC-4074-A9AD-63367FB4ED0F}.Release|Any CPU.ActiveCfg = Release|Any CPU
		{288BDF6F-81CC-4074-A9AD-63367FB4ED0F}.Release|Any CPU.Build.0 = Release|Any CPU
		{33C46363-13FB-4CB5-A3B9-B293039C8EAA}.Debug|Any CPU.ActiveCfg = Debug|Any CPU
		{33C46363-13FB-4CB5-A3B9-B293039C8EAA}.Debug|Any CPU.Build.0 = Debug|Any CPU
		{33C46363-13FB-4CB5-A3B9-B293039C8EAA}.Release|Any CPU.ActiveCfg = Release|Any CPU
		{33C46363-13FB-4CB5-A3B9-B293039C8EAA}.Release|Any CPU.Build.0 = Release|Any CPU
		{BC2C1DA1-E764-44E6-8F8D-475F8923F7DF}.Debug|Any CPU.ActiveCfg = Debug|Any CPU
		{BC2C1DA1-E764-44E6-8F8D-475F8923F7DF}.Debug|Any CPU.Build.0 = Debug|Any CPU
		{BC2C1DA1-E764-44E6-8F8D-475F8923F7DF}.Release|Any CPU.ActiveCfg = Release|Any CPU
		{BC2C1DA1-E764-44E6-8F8D-475F8923F7DF}.Release|Any CPU.Build.0 = Release|Any CPU
		{4F9FA3DE-9177-4B7B-9852-3A8A571F934B}.Debug|Any CPU.ActiveCfg = Debug|Any CPU
		{4F9FA3DE-9177-4B7B-9852-3A8A571F934B}.Debug|Any CPU.Build.0 = Debug|Any CPU
		{4F9FA3DE-9177-4B7B-9852-3A8A571F934B}.Release|Any CPU.ActiveCfg = Release|Any CPU
		{4F9FA3DE-9177-4B7B-9852-3A8A571F934B}.Release|Any CPU.Build.0 = Release|Any CPU
		{7B752DB1-A2CD-413E-8592-9FD611EBED79}.Debug|Any CPU.ActiveCfg = Debug|Any CPU
		{7B752DB1-A2CD-413E-8592-9FD611EBED79}.Debug|Any CPU.Build.0 = Debug|Any CPU
		{7B752DB1-A2CD-413E-8592-9FD611EBED79}.Release|Any CPU.ActiveCfg = Release|Any CPU
		{7B752DB1-A2CD-413E-8592-9FD611EBED79}.Release|Any CPU.Build.0 = Release|Any CPU
		{58BBF1F1-C1F3-4BBD-BBB3-926BF82D22D5}.Debug|Any CPU.ActiveCfg = Debug|Any CPU
		{58BBF1F1-C1F3-4BBD-BBB3-926BF82D22D5}.Debug|Any CPU.Build.0 = Debug|Any CPU
		{58BBF1F1-C1F3-4BBD-BBB3-926BF82D22D5}.Release|Any CPU.ActiveCfg = Release|Any CPU
		{58BBF1F1-C1F3-4BBD-BBB3-926BF82D22D5}.Release|Any CPU.Build.0 = Release|Any CPU
		{822A4174-F74D-4DED-AC56-5E588DF2F919}.Debug|Any CPU.ActiveCfg = Debug|Any CPU
		{822A4174-F74D-4DED-AC56-5E588DF2F919}.Debug|Any CPU.Build.0 = Debug|Any CPU
		{822A4174-F74D-4DED-AC56-5E588DF2F919}.Release|Any CPU.ActiveCfg = Release|Any CPU
		{822A4174-F74D-4DED-AC56-5E588DF2F919}.Release|Any CPU.Build.0 = Release|Any CPU
		{85D74B67-126C-4730-B545-F1EFA342365C}.Debug|Any CPU.ActiveCfg = Debug|Any CPU
		{85D74B67-126C-4730-B545-F1EFA342365C}.Debug|Any CPU.Build.0 = Debug|Any CPU
		{85D74B67-126C-4730-B545-F1EFA342365C}.Release|Any CPU.ActiveCfg = Release|Any CPU
		{85D74B67-126C-4730-B545-F1EFA342365C}.Release|Any CPU.Build.0 = Release|Any CPU
		{DBC51B52-88C4-4D95-88CD-43C25E37FC37}.Debug|Any CPU.ActiveCfg = Debug|Any CPU
		{DBC51B52-88C4-4D95-88CD-43C25E37FC37}.Debug|Any CPU.Build.0 = Debug|Any CPU
		{DBC51B52-88C4-4D95-88CD-43C25E37FC37}.Release|Any CPU.ActiveCfg = Release|Any CPU
		{DBC51B52-88C4-4D95-88CD-43C25E37FC37}.Release|Any CPU.Build.0 = Release|Any CPU
		{4A49D1C7-5488-4829-AE2B-EA2FCA66D53E}.Debug|Any CPU.ActiveCfg = Debug|Any CPU
		{4A49D1C7-5488-4829-AE2B-EA2FCA66D53E}.Debug|Any CPU.Build.0 = Debug|Any CPU
		{4A49D1C7-5488-4829-AE2B-EA2FCA66D53E}.Release|Any CPU.ActiveCfg = Release|Any CPU
		{4A49D1C7-5488-4829-AE2B-EA2FCA66D53E}.Release|Any CPU.Build.0 = Release|Any CPU
		{58543065-F932-45BC-81D8-6F876283902C}.Debug|Any CPU.ActiveCfg = Debug|Any CPU
		{58543065-F932-45BC-81D8-6F876283902C}.Debug|Any CPU.Build.0 = Debug|Any CPU
		{58543065-F932-45BC-81D8-6F876283902C}.Release|Any CPU.ActiveCfg = Release|Any CPU
		{58543065-F932-45BC-81D8-6F876283902C}.Release|Any CPU.Build.0 = Release|Any CPU
		{F1E00515-6480-4657-821E-2017DC40AD31}.Debug|Any CPU.ActiveCfg = Debug|Any CPU
		{F1E00515-6480-4657-821E-2017DC40AD31}.Debug|Any CPU.Build.0 = Debug|Any CPU
		{F1E00515-6480-4657-821E-2017DC40AD31}.Release|Any CPU.ActiveCfg = Release|Any CPU
		{F1E00515-6480-4657-821E-2017DC40AD31}.Release|Any CPU.Build.0 = Release|Any CPU
		{005075E3-7C46-4C59-BFFD-7FFE0CA589E1}.Debug|Any CPU.ActiveCfg = Debug|Any CPU
		{005075E3-7C46-4C59-BFFD-7FFE0CA589E1}.Debug|Any CPU.Build.0 = Debug|Any CPU
		{005075E3-7C46-4C59-BFFD-7FFE0CA589E1}.Release|Any CPU.ActiveCfg = Release|Any CPU
		{005075E3-7C46-4C59-BFFD-7FFE0CA589E1}.Release|Any CPU.Build.0 = Release|Any CPU
		{D9AB321B-43C8-4DD0-A19C-9C0389AE8138}.Debug|Any CPU.ActiveCfg = Debug|Any CPU
		{D9AB321B-43C8-4DD0-A19C-9C0389AE8138}.Debug|Any CPU.Build.0 = Debug|Any CPU
		{D9AB321B-43C8-4DD0-A19C-9C0389AE8138}.Release|Any CPU.ActiveCfg = Release|Any CPU
		{D9AB321B-43C8-4DD0-A19C-9C0389AE8138}.Release|Any CPU.Build.0 = Release|Any CPU
		{E16D3677-1590-41D8-ADC9-CFAA4226E8BF}.Debug|Any CPU.ActiveCfg = Debug|Any CPU
		{E16D3677-1590-41D8-ADC9-CFAA4226E8BF}.Debug|Any CPU.Build.0 = Debug|Any CPU
		{E16D3677-1590-41D8-ADC9-CFAA4226E8BF}.Release|Any CPU.ActiveCfg = Release|Any CPU
		{E16D3677-1590-41D8-ADC9-CFAA4226E8BF}.Release|Any CPU.Build.0 = Release|Any CPU
		{EA31B27E-F738-4F3E-AE72-A7609FDCBE01}.Debug|Any CPU.ActiveCfg = Debug|Any CPU
		{EA31B27E-F738-4F3E-AE72-A7609FDCBE01}.Debug|Any CPU.Build.0 = Debug|Any CPU
		{EA31B27E-F738-4F3E-AE72-A7609FDCBE01}.Release|Any CPU.ActiveCfg = Release|Any CPU
		{EA31B27E-F738-4F3E-AE72-A7609FDCBE01}.Release|Any CPU.Build.0 = Release|Any CPU
		{1BFFA30A-A8CC-4497-90B7-1BD373572D53}.Debug|Any CPU.ActiveCfg = Debug|Any CPU
		{1BFFA30A-A8CC-4497-90B7-1BD373572D53}.Debug|Any CPU.Build.0 = Debug|Any CPU
		{1BFFA30A-A8CC-4497-90B7-1BD373572D53}.Release|Any CPU.ActiveCfg = Release|Any CPU
		{1BFFA30A-A8CC-4497-90B7-1BD373572D53}.Release|Any CPU.Build.0 = Release|Any CPU
		{553E32EA-0F2B-45DA-A69F-C172BD133FC1}.Debug|Any CPU.ActiveCfg = Debug|Any CPU
		{553E32EA-0F2B-45DA-A69F-C172BD133FC1}.Debug|Any CPU.Build.0 = Debug|Any CPU
		{553E32EA-0F2B-45DA-A69F-C172BD133FC1}.Release|Any CPU.ActiveCfg = Release|Any CPU
		{553E32EA-0F2B-45DA-A69F-C172BD133FC1}.Release|Any CPU.Build.0 = Release|Any CPU
		{F6F2E79A-5106-461D-A72E-D06E8D61E4E9}.Debug|Any CPU.ActiveCfg = Debug|Any CPU
		{F6F2E79A-5106-461D-A72E-D06E8D61E4E9}.Debug|Any CPU.Build.0 = Debug|Any CPU
		{F6F2E79A-5106-461D-A72E-D06E8D61E4E9}.Release|Any CPU.ActiveCfg = Release|Any CPU
		{F6F2E79A-5106-461D-A72E-D06E8D61E4E9}.Release|Any CPU.Build.0 = Release|Any CPU
		{B5A78AA4-BEC0-4E2A-9705-754FEFCFDCFA}.Debug|Any CPU.ActiveCfg = Debug|Any CPU
		{B5A78AA4-BEC0-4E2A-9705-754FEFCFDCFA}.Debug|Any CPU.Build.0 = Debug|Any CPU
		{B5A78AA4-BEC0-4E2A-9705-754FEFCFDCFA}.Release|Any CPU.ActiveCfg = Release|Any CPU
		{B5A78AA4-BEC0-4E2A-9705-754FEFCFDCFA}.Release|Any CPU.Build.0 = Release|Any CPU
		{1C514523-1CBC-466B-8431-7A16CC88EA69}.Debug|Any CPU.ActiveCfg = Debug|Any CPU
		{1C514523-1CBC-466B-8431-7A16CC88EA69}.Debug|Any CPU.Build.0 = Debug|Any CPU
		{1C514523-1CBC-466B-8431-7A16CC88EA69}.Release|Any CPU.ActiveCfg = Release|Any CPU
		{1C514523-1CBC-466B-8431-7A16CC88EA69}.Release|Any CPU.Build.0 = Release|Any CPU
		{425F823D-77F0-47FA-976F-60BEAF0A9143}.Debug|Any CPU.ActiveCfg = Debug|Any CPU
		{425F823D-77F0-47FA-976F-60BEAF0A9143}.Debug|Any CPU.Build.0 = Debug|Any CPU
		{425F823D-77F0-47FA-976F-60BEAF0A9143}.Release|Any CPU.ActiveCfg = Release|Any CPU
		{425F823D-77F0-47FA-976F-60BEAF0A9143}.Release|Any CPU.Build.0 = Release|Any CPU
		{58F87504-3C66-4FA9-8A07-2722D8F5130C}.Debug|Any CPU.ActiveCfg = Debug|Any CPU
		{58F87504-3C66-4FA9-8A07-2722D8F5130C}.Debug|Any CPU.Build.0 = Debug|Any CPU
		{58F87504-3C66-4FA9-8A07-2722D8F5130C}.Release|Any CPU.ActiveCfg = Release|Any CPU
		{58F87504-3C66-4FA9-8A07-2722D8F5130C}.Release|Any CPU.Build.0 = Release|Any CPU
		{E9D2CCCF-1B13-4C59-ACB1-34FD30783E0A}.Debug|Any CPU.ActiveCfg = Debug|Any CPU
		{E9D2CCCF-1B13-4C59-ACB1-34FD30783E0A}.Debug|Any CPU.Build.0 = Debug|Any CPU
		{E9D2CCCF-1B13-4C59-ACB1-34FD30783E0A}.Release|Any CPU.ActiveCfg = Release|Any CPU
		{E9D2CCCF-1B13-4C59-ACB1-34FD30783E0A}.Release|Any CPU.Build.0 = Release|Any CPU
		{BAA6D362-6600-4FAB-8F32-C7342C8EF5EE}.Debug|Any CPU.ActiveCfg = Debug|Any CPU
		{BAA6D362-6600-4FAB-8F32-C7342C8EF5EE}.Debug|Any CPU.Build.0 = Debug|Any CPU
		{BAA6D362-6600-4FAB-8F32-C7342C8EF5EE}.Release|Any CPU.ActiveCfg = Release|Any CPU
		{BAA6D362-6600-4FAB-8F32-C7342C8EF5EE}.Release|Any CPU.Build.0 = Release|Any CPU
		{63B6D356-81BD-4F67-AEC8-1F8CBDD25DE9}.Debug|Any CPU.ActiveCfg = Debug|Any CPU
		{63B6D356-81BD-4F67-AEC8-1F8CBDD25DE9}.Debug|Any CPU.Build.0 = Debug|Any CPU
		{63B6D356-81BD-4F67-AEC8-1F8CBDD25DE9}.Release|Any CPU.ActiveCfg = Release|Any CPU
		{63B6D356-81BD-4F67-AEC8-1F8CBDD25DE9}.Release|Any CPU.Build.0 = Release|Any CPU
		{EA2D5473-5DF4-400D-BA99-88A740F4BE77}.Debug|Any CPU.ActiveCfg = Debug|Any CPU
		{EA2D5473-5DF4-400D-BA99-88A740F4BE77}.Debug|Any CPU.Build.0 = Debug|Any CPU
		{EA2D5473-5DF4-400D-BA99-88A740F4BE77}.Release|Any CPU.ActiveCfg = Release|Any CPU
		{EA2D5473-5DF4-400D-BA99-88A740F4BE77}.Release|Any CPU.Build.0 = Release|Any CPU
		{E2127FA1-97A9-41E2-925E-7001EDD96325}.Debug|Any CPU.ActiveCfg = Debug|Any CPU
		{E2127FA1-97A9-41E2-925E-7001EDD96325}.Debug|Any CPU.Build.0 = Debug|Any CPU
		{E2127FA1-97A9-41E2-925E-7001EDD96325}.Release|Any CPU.ActiveCfg = Release|Any CPU
		{E2127FA1-97A9-41E2-925E-7001EDD96325}.Release|Any CPU.Build.0 = Release|Any CPU
		{76246984-E204-40D9-993F-6E560FFF6D5D}.Debug|Any CPU.ActiveCfg = Debug|Any CPU
		{76246984-E204-40D9-993F-6E560FFF6D5D}.Debug|Any CPU.Build.0 = Debug|Any CPU
		{76246984-E204-40D9-993F-6E560FFF6D5D}.Release|Any CPU.ActiveCfg = Release|Any CPU
		{76246984-E204-40D9-993F-6E560FFF6D5D}.Release|Any CPU.Build.0 = Release|Any CPU
		{0CCEA943-D055-444E-842A-3A0FF9D990D1}.Debug|Any CPU.ActiveCfg = Debug|Any CPU
		{0CCEA943-D055-444E-842A-3A0FF9D990D1}.Debug|Any CPU.Build.0 = Debug|Any CPU
		{0CCEA943-D055-444E-842A-3A0FF9D990D1}.Release|Any CPU.ActiveCfg = Release|Any CPU
		{0CCEA943-D055-444E-842A-3A0FF9D990D1}.Release|Any CPU.Build.0 = Release|Any CPU
		{03D290C9-E057-4FAF-AC1E-A1BFB105B86A}.Debug|Any CPU.ActiveCfg = Debug|Any CPU
		{03D290C9-E057-4FAF-AC1E-A1BFB105B86A}.Debug|Any CPU.Build.0 = Debug|Any CPU
		{03D290C9-E057-4FAF-AC1E-A1BFB105B86A}.Release|Any CPU.ActiveCfg = Release|Any CPU
		{03D290C9-E057-4FAF-AC1E-A1BFB105B86A}.Release|Any CPU.Build.0 = Release|Any CPU
		{841AB7A7-5617-456E-B6B4-23484B8C9757}.Debug|Any CPU.ActiveCfg = Debug|Any CPU
		{841AB7A7-5617-456E-B6B4-23484B8C9757}.Debug|Any CPU.Build.0 = Debug|Any CPU
		{841AB7A7-5617-456E-B6B4-23484B8C9757}.Release|Any CPU.ActiveCfg = Release|Any CPU
		{841AB7A7-5617-456E-B6B4-23484B8C9757}.Release|Any CPU.Build.0 = Release|Any CPU
		{049131F4-F321-4867-95CF-87349EAF37E9}.Debug|Any CPU.ActiveCfg = Debug|Any CPU
		{049131F4-F321-4867-95CF-87349EAF37E9}.Debug|Any CPU.Build.0 = Debug|Any CPU
		{049131F4-F321-4867-95CF-87349EAF37E9}.Release|Any CPU.ActiveCfg = Release|Any CPU
		{049131F4-F321-4867-95CF-87349EAF37E9}.Release|Any CPU.Build.0 = Release|Any CPU
		{C1015363-4721-4F32-A333-8E02DCBDDCCE}.Debug|Any CPU.ActiveCfg = Debug|Any CPU
		{C1015363-4721-4F32-A333-8E02DCBDDCCE}.Debug|Any CPU.Build.0 = Debug|Any CPU
		{C1015363-4721-4F32-A333-8E02DCBDDCCE}.Release|Any CPU.ActiveCfg = Release|Any CPU
		{C1015363-4721-4F32-A333-8E02DCBDDCCE}.Release|Any CPU.Build.0 = Release|Any CPU
		{414D7A0D-8DB3-4EEA-8DB4-445AE8393BC4}.Debug|Any CPU.ActiveCfg = Debug|Any CPU
		{414D7A0D-8DB3-4EEA-8DB4-445AE8393BC4}.Debug|Any CPU.Build.0 = Debug|Any CPU
		{414D7A0D-8DB3-4EEA-8DB4-445AE8393BC4}.Release|Any CPU.ActiveCfg = Release|Any CPU
		{414D7A0D-8DB3-4EEA-8DB4-445AE8393BC4}.Release|Any CPU.Build.0 = Release|Any CPU
		{5C0B28DF-63C3-434A-A407-7227BF5F8320}.Debug|Any CPU.ActiveCfg = Debug|Any CPU
		{5C0B28DF-63C3-434A-A407-7227BF5F8320}.Debug|Any CPU.Build.0 = Debug|Any CPU
		{5C0B28DF-63C3-434A-A407-7227BF5F8320}.Release|Any CPU.ActiveCfg = Release|Any CPU
		{5C0B28DF-63C3-434A-A407-7227BF5F8320}.Release|Any CPU.Build.0 = Release|Any CPU
		{8B4729F4-9FBD-4F8B-9267-12867EF75C8E}.Debug|Any CPU.ActiveCfg = Debug|Any CPU
		{8B4729F4-9FBD-4F8B-9267-12867EF75C8E}.Debug|Any CPU.Build.0 = Debug|Any CPU
		{8B4729F4-9FBD-4F8B-9267-12867EF75C8E}.Release|Any CPU.ActiveCfg = Release|Any CPU
		{8B4729F4-9FBD-4F8B-9267-12867EF75C8E}.Release|Any CPU.Build.0 = Release|Any CPU
		{90AB46EB-24FE-47D7-9A66-67ECD32970A1}.Debug|Any CPU.ActiveCfg = Debug|Any CPU
		{90AB46EB-24FE-47D7-9A66-67ECD32970A1}.Debug|Any CPU.Build.0 = Debug|Any CPU
		{90AB46EB-24FE-47D7-9A66-67ECD32970A1}.Release|Any CPU.ActiveCfg = Release|Any CPU
		{90AB46EB-24FE-47D7-9A66-67ECD32970A1}.Release|Any CPU.Build.0 = Release|Any CPU
		{5015FA7E-0951-41AF-941B-43ADE5C44AE6}.Debug|Any CPU.ActiveCfg = Debug|Any CPU
		{5015FA7E-0951-41AF-941B-43ADE5C44AE6}.Debug|Any CPU.Build.0 = Debug|Any CPU
		{5015FA7E-0951-41AF-941B-43ADE5C44AE6}.Release|Any CPU.ActiveCfg = Release|Any CPU
		{5015FA7E-0951-41AF-941B-43ADE5C44AE6}.Release|Any CPU.Build.0 = Release|Any CPU
		{958E86EC-AA7F-4326-A45B-CE2A09707036}.Debug|Any CPU.ActiveCfg = Debug|Any CPU
		{958E86EC-AA7F-4326-A45B-CE2A09707036}.Debug|Any CPU.Build.0 = Debug|Any CPU
		{958E86EC-AA7F-4326-A45B-CE2A09707036}.Release|Any CPU.ActiveCfg = Release|Any CPU
		{958E86EC-AA7F-4326-A45B-CE2A09707036}.Release|Any CPU.Build.0 = Release|Any CPU
		{71DF1AC0-949F-4B9C-A587-88AF2B218FAD}.Debug|Any CPU.ActiveCfg = Debug|Any CPU
		{71DF1AC0-949F-4B9C-A587-88AF2B218FAD}.Debug|Any CPU.Build.0 = Debug|Any CPU
		{71DF1AC0-949F-4B9C-A587-88AF2B218FAD}.Release|Any CPU.ActiveCfg = Release|Any CPU
		{71DF1AC0-949F-4B9C-A587-88AF2B218FAD}.Release|Any CPU.Build.0 = Release|Any CPU
		{20C0C9F5-EF44-4D30-9F3B-022448435452}.Debug|Any CPU.ActiveCfg = Debug|Any CPU
		{20C0C9F5-EF44-4D30-9F3B-022448435452}.Debug|Any CPU.Build.0 = Debug|Any CPU
		{20C0C9F5-EF44-4D30-9F3B-022448435452}.Release|Any CPU.ActiveCfg = Release|Any CPU
		{20C0C9F5-EF44-4D30-9F3B-022448435452}.Release|Any CPU.Build.0 = Release|Any CPU
		{28BDEC52-E0C3-4E32-925F-EBD73ED945CA}.Debug|Any CPU.ActiveCfg = Debug|Any CPU
		{28BDEC52-E0C3-4E32-925F-EBD73ED945CA}.Debug|Any CPU.Build.0 = Debug|Any CPU
		{28BDEC52-E0C3-4E32-925F-EBD73ED945CA}.Release|Any CPU.ActiveCfg = Release|Any CPU
		{28BDEC52-E0C3-4E32-925F-EBD73ED945CA}.Release|Any CPU.Build.0 = Release|Any CPU
		{3D296B5B-E59E-4805-AAFD-26C571873EF4}.Debug|Any CPU.ActiveCfg = Debug|Any CPU
		{3D296B5B-E59E-4805-AAFD-26C571873EF4}.Debug|Any CPU.Build.0 = Debug|Any CPU
		{3D296B5B-E59E-4805-AAFD-26C571873EF4}.Release|Any CPU.ActiveCfg = Release|Any CPU
		{3D296B5B-E59E-4805-AAFD-26C571873EF4}.Release|Any CPU.Build.0 = Release|Any CPU
		{77DA16D3-F8A2-4C6A-9D27-4A86F447AF74}.Debug|Any CPU.ActiveCfg = Debug|Any CPU
		{77DA16D3-F8A2-4C6A-9D27-4A86F447AF74}.Debug|Any CPU.Build.0 = Debug|Any CPU
		{77DA16D3-F8A2-4C6A-9D27-4A86F447AF74}.Release|Any CPU.ActiveCfg = Release|Any CPU
		{77DA16D3-F8A2-4C6A-9D27-4A86F447AF74}.Release|Any CPU.Build.0 = Release|Any CPU
		{32B53142-671E-47B3-B576-30065D23F2EF}.Debug|Any CPU.ActiveCfg = Debug|Any CPU
		{32B53142-671E-47B3-B576-30065D23F2EF}.Debug|Any CPU.Build.0 = Debug|Any CPU
		{32B53142-671E-47B3-B576-30065D23F2EF}.Release|Any CPU.ActiveCfg = Release|Any CPU
		{32B53142-671E-47B3-B576-30065D23F2EF}.Release|Any CPU.Build.0 = Release|Any CPU
		{C9A3E63F-5D52-484F-BC3A-ECFFC59FEBC3}.Debug|Any CPU.ActiveCfg = Debug|Any CPU
		{C9A3E63F-5D52-484F-BC3A-ECFFC59FEBC3}.Debug|Any CPU.Build.0 = Debug|Any CPU
		{C9A3E63F-5D52-484F-BC3A-ECFFC59FEBC3}.Release|Any CPU.ActiveCfg = Release|Any CPU
		{C9A3E63F-5D52-484F-BC3A-ECFFC59FEBC3}.Release|Any CPU.Build.0 = Release|Any CPU
		{C3B27549-9237-4D14-A35F-F624AE01ECA6}.Debug|Any CPU.ActiveCfg = Debug|Any CPU
		{C3B27549-9237-4D14-A35F-F624AE01ECA6}.Debug|Any CPU.Build.0 = Debug|Any CPU
		{C3B27549-9237-4D14-A35F-F624AE01ECA6}.Release|Any CPU.ActiveCfg = Release|Any CPU
		{C3B27549-9237-4D14-A35F-F624AE01ECA6}.Release|Any CPU.Build.0 = Release|Any CPU
		{46A14E42-5EF0-4822-BA98-5A8937997B9E}.Debug|Any CPU.ActiveCfg = Debug|Any CPU
		{46A14E42-5EF0-4822-BA98-5A8937997B9E}.Debug|Any CPU.Build.0 = Debug|Any CPU
		{46A14E42-5EF0-4822-BA98-5A8937997B9E}.Release|Any CPU.ActiveCfg = Release|Any CPU
		{46A14E42-5EF0-4822-BA98-5A8937997B9E}.Release|Any CPU.Build.0 = Release|Any CPU
		{53BA71A0-BED2-4F05-AF23-794B71368E1B}.Debug|Any CPU.ActiveCfg = Debug|Any CPU
		{53BA71A0-BED2-4F05-AF23-794B71368E1B}.Debug|Any CPU.Build.0 = Debug|Any CPU
		{53BA71A0-BED2-4F05-AF23-794B71368E1B}.Release|Any CPU.ActiveCfg = Release|Any CPU
		{53BA71A0-BED2-4F05-AF23-794B71368E1B}.Release|Any CPU.Build.0 = Release|Any CPU
	EndGlobalSection
	GlobalSection(SolutionProperties) = preSolution
		HideSolutionNode = FALSE
	EndGlobalSection
	GlobalSection(ExtensibilityGlobals) = postSolution
		SolutionGuid = {5710606E-2627-4E37-BE87-07CDEAE59248}
	EndGlobalSection
EndGlobal
