
Microsoft Visual Studio Solution File, Format Version 12.00
# Visual Studio Version 17
VisualStudioVersion = 17.1.32210.238
MinimumVisualStudioVersion = 10.0.40219.1
Project("{FAE04EC0-301F-11D3-BF4B-00C04F79EFBC}") = "Exercicio01", "..\Exercicio01\Exercicio01.csproj", "{D16E840C-C21D-489D-A02D-3D984D9AEAEA}"
EndProject
Project("{FAE04EC0-301F-11D3-BF4B-00C04F79EFBC}") = "Exercicio02", "..\Exercicio02\Exercicio02.csproj", "{8A12A6E0-E96C-40D4-A09C-EA9AD3987E4F}"
EndProject
Project("{FAE04EC0-301F-11D3-BF4B-00C04F79EFBC}") = "Exercicio03", "..\Exercicio03\Exercicio03.csproj", "{7CA4C72B-E406-437F-9F3F-C20A303BFAC8}"
EndProject
Project("{FAE04EC0-301F-11D3-BF4B-00C04F79EFBC}") = "Exercicio04", "..\Exercicio04\Exercicio04.csproj", "{D33517D1-624E-4A60-8EBA-54288BFA83EF}"
EndProject
Project("{FAE04EC0-301F-11D3-BF4B-00C04F79EFBC}") = "Exercicio05", "..\Exercicio05\Exercicio05.csproj", "{DF8C3B4F-FA65-447C-86B8-9E62271AE5D4}"
EndProject
Project("{FAE04EC0-301F-11D3-BF4B-00C04F79EFBC}") = "Exercicio06", "..\Exercicio06\Exercicio06.csproj", "{95AAEF24-8DF7-4350-A17D-A7216042B31E}"
EndProject
Project("{FAE04EC0-301F-11D3-BF4B-00C04F79EFBC}") = "Exercicio07", "..\Exercicio07\Exercicio07.csproj", "{946C8893-F6AD-4970-B293-BCA0B7DB4F51}"
EndProject
Project("{FAE04EC0-301F-11D3-BF4B-00C04F79EFBC}") = "Exercicio08", "..\Exercicio08\Exercicio08.csproj", "{923BC2BC-BAF1-4D10-9A92-4CD958D65B4B}"
EndProject
Project("{FAE04EC0-301F-11D3-BF4B-00C04F79EFBC}") = "Exercicio09", "..\Exercicio09\Exercicio09.csproj", "{B6C90484-3229-4944-B78F-132E8D7C4A46}"
EndProject
Project("{FAE04EC0-301F-11D3-BF4B-00C04F79EFBC}") = "Exercicio10", "..\Exercicios10\Exercicio10.csproj", "{EB706CF3-D08E-41DF-909D-A49A1B44296B}"
EndProject
Project("{FAE04EC0-301F-11D3-BF4B-00C04F79EFBC}") = "Exercicio11", "..\Exercicio11\Exercicio11.csproj", "{FB42F016-8AA4-4BDE-9DDD-B3CB297D88D1}"
EndProject
Project("{FAE04EC0-301F-11D3-BF4B-00C04F79EFBC}") = "Exercicio12", "..\Exercicio12\Exercicio12.csproj", "{76FAF97E-EEA3-425E-969D-3ADC866B967F}"
EndProject
Project("{FAE04EC0-301F-11D3-BF4B-00C04F79EFBC}") = "Exercicio13", "..\Exercicio13\Exercicio13.csproj", "{EE1D2D59-F914-4BB4-A028-B165FCDEC918}"
EndProject
Project("{FAE04EC0-301F-11D3-BF4B-00C04F79EFBC}") = "Exercicio14", "..\Exercicio14\Exercicio14.csproj", "{ADF72F37-3511-4E26-94A4-94C0B62E53B7}"
EndProject
Project("{FAE04EC0-301F-11D3-BF4B-00C04F79EFBC}") = "Exercicio15", "..\Exercicio15\Exercicio15.csproj", "{9A0AEA2F-FBD6-4D37-82F9-7D1D73D7778F}"
EndProject
Project("{FAE04EC0-301F-11D3-BF4B-00C04F79EFBC}") = "Exercicio16", "..\Exercicio16\Exercicio16.csproj", "{96455837-F2C7-476D-B84F-3CD9FB0581CB}"
EndProject
Project("{FAE04EC0-301F-11D3-BF4B-00C04F79EFBC}") = "Exercicio17", "..\Exercicio17\Exercicio17.csproj", "{048F1FB2-822D-4776-B625-BA39BE6CC911}"
EndProject
Project("{FAE04EC0-301F-11D3-BF4B-00C04F79EFBC}") = "Exercicio16.1", "..\Exercicio16.1\Exercicio16.1.csproj", "{4CD62844-4042-4C88-B7CF-1C1A8FBAB0FB}"
EndProject
Project("{FAE04EC0-301F-11D3-BF4B-00C04F79EFBC}") = "Exercicio16.2", "..\Exercicio16.2\Exercicio16.2.csproj", "{9DD52798-975E-4648-A7EF-BF4CCBF3CC15}"
EndProject
Project("{FAE04EC0-301F-11D3-BF4B-00C04F79EFBC}") = "Exercicio18", "..\Exercicio18\Exercicio18.csproj", "{87155761-B156-476D-AC97-036A8DC179A3}"
EndProject
Project("{FAE04EC0-301F-11D3-BF4B-00C04F79EFBC}") = "Exercicio19", "..\Exercicio19\Exercicio19.csproj", "{CAD2C02A-2A11-4D86-AFA0-A78E92D5451D}"
EndProject
Project("{FAE04EC0-301F-11D3-BF4B-00C04F79EFBC}") = "Exercicio20", "..\Exercicio20\Exercicio20.csproj", "{9B9E9BBE-90B2-41BF-9AFC-CB1213B77FE7}"
EndProject
Project("{FAE04EC0-301F-11D3-BF4B-00C04F79EFBC}") = "Exercicio21__", "..\Exercicio21\Exercicio21__.csproj", "{8188D879-D07A-4796-A50A-0230FEDA1CBC}"
EndProject
Project("{FAE04EC0-301F-11D3-BF4B-00C04F79EFBC}") = "Exercicio22", "..\Exercicio22\Exercicio22.csproj", "{BB10D8FF-C754-43D1-9FBE-4506AFD24982}"
EndProject
Project("{FAE04EC0-301F-11D3-BF4B-00C04F79EFBC}") = "Exercicio23", "..\Exercicio23\Exercicio23.csproj", "{2D20C2B1-12CB-4A55-A729-2A465283CDBB}"
EndProject
Project("{FAE04EC0-301F-11D3-BF4B-00C04F79EFBC}") = "Exercicio24", "..\Exercicio24\Exercicio24.csproj", "{E4237567-0C23-474D-9C3A-B6064BCBE36F}"
EndProject
Project("{FAE04EC0-301F-11D3-BF4B-00C04F79EFBC}") = "Exercicio25", "..\Exercicio25\Exercicio25.csproj", "{3C5A2FD4-5D79-449A-8753-3CA61D52C177}"
EndProject
Project("{FAE04EC0-301F-11D3-BF4B-00C04F79EFBC}") = "Exercicio26", "..\Exercicio26\Exercicio26.csproj", "{1642AE2B-04D3-4CB8-B564-0E9DC4E76957}"
EndProject
Project("{FAE04EC0-301F-11D3-BF4B-00C04F79EFBC}") = "Exercicio27", "..\Exercicio27\Exercicio27.csproj", "{02AC4F9C-D757-4D45-ADBB-8E767D84C00C}"
EndProject
Project("{FAE04EC0-301F-11D3-BF4B-00C04F79EFBC}") = "Exercicio28", "..\Exercicio28\Exercicio28.csproj", "{B1626EF9-FFE0-4CE2-8904-E3283EA6A138}"
EndProject
Project("{FAE04EC0-301F-11D3-BF4B-00C04F79EFBC}") = "Exercicio29", "..\Exercicio29\Exercicio29.csproj", "{3BCB38E3-C2AC-465E-AB2C-DD53CFF45D5C}"
EndProject
Global
	GlobalSection(SolutionConfigurationPlatforms) = preSolution
		Debug|Any CPU = Debug|Any CPU
		Release|Any CPU = Release|Any CPU
	EndGlobalSection
	GlobalSection(ProjectConfigurationPlatforms) = postSolution
		{D16E840C-C21D-489D-A02D-3D984D9AEAEA}.Debug|Any CPU.ActiveCfg = Debug|Any CPU
		{D16E840C-C21D-489D-A02D-3D984D9AEAEA}.Debug|Any CPU.Build.0 = Debug|Any CPU
		{D16E840C-C21D-489D-A02D-3D984D9AEAEA}.Release|Any CPU.ActiveCfg = Release|Any CPU
		{D16E840C-C21D-489D-A02D-3D984D9AEAEA}.Release|Any CPU.Build.0 = Release|Any CPU
		{8A12A6E0-E96C-40D4-A09C-EA9AD3987E4F}.Debug|Any CPU.ActiveCfg = Debug|Any CPU
		{8A12A6E0-E96C-40D4-A09C-EA9AD3987E4F}.Debug|Any CPU.Build.0 = Debug|Any CPU
		{8A12A6E0-E96C-40D4-A09C-EA9AD3987E4F}.Release|Any CPU.ActiveCfg = Release|Any CPU
		{8A12A6E0-E96C-40D4-A09C-EA9AD3987E4F}.Release|Any CPU.Build.0 = Release|Any CPU
		{7CA4C72B-E406-437F-9F3F-C20A303BFAC8}.Debug|Any CPU.ActiveCfg = Debug|Any CPU
		{7CA4C72B-E406-437F-9F3F-C20A303BFAC8}.Debug|Any CPU.Build.0 = Debug|Any CPU
		{7CA4C72B-E406-437F-9F3F-C20A303BFAC8}.Release|Any CPU.ActiveCfg = Release|Any CPU
		{7CA4C72B-E406-437F-9F3F-C20A303BFAC8}.Release|Any CPU.Build.0 = Release|Any CPU
		{D33517D1-624E-4A60-8EBA-54288BFA83EF}.Debug|Any CPU.ActiveCfg = Debug|Any CPU
		{D33517D1-624E-4A60-8EBA-54288BFA83EF}.Debug|Any CPU.Build.0 = Debug|Any CPU
		{D33517D1-624E-4A60-8EBA-54288BFA83EF}.Release|Any CPU.ActiveCfg = Release|Any CPU
		{D33517D1-624E-4A60-8EBA-54288BFA83EF}.Release|Any CPU.Build.0 = Release|Any CPU
		{DF8C3B4F-FA65-447C-86B8-9E62271AE5D4}.Debug|Any CPU.ActiveCfg = Debug|Any CPU
		{DF8C3B4F-FA65-447C-86B8-9E62271AE5D4}.Debug|Any CPU.Build.0 = Debug|Any CPU
		{DF8C3B4F-FA65-447C-86B8-9E62271AE5D4}.Release|Any CPU.ActiveCfg = Release|Any CPU
		{DF8C3B4F-FA65-447C-86B8-9E62271AE5D4}.Release|Any CPU.Build.0 = Release|Any CPU
		{95AAEF24-8DF7-4350-A17D-A7216042B31E}.Debug|Any CPU.ActiveCfg = Debug|Any CPU
		{95AAEF24-8DF7-4350-A17D-A7216042B31E}.Debug|Any CPU.Build.0 = Debug|Any CPU
		{95AAEF24-8DF7-4350-A17D-A7216042B31E}.Release|Any CPU.ActiveCfg = Release|Any CPU
		{95AAEF24-8DF7-4350-A17D-A7216042B31E}.Release|Any CPU.Build.0 = Release|Any CPU
		{946C8893-F6AD-4970-B293-BCA0B7DB4F51}.Debug|Any CPU.ActiveCfg = Debug|Any CPU
		{946C8893-F6AD-4970-B293-BCA0B7DB4F51}.Debug|Any CPU.Build.0 = Debug|Any CPU
		{946C8893-F6AD-4970-B293-BCA0B7DB4F51}.Release|Any CPU.ActiveCfg = Release|Any CPU
		{946C8893-F6AD-4970-B293-BCA0B7DB4F51}.Release|Any CPU.Build.0 = Release|Any CPU
		{923BC2BC-BAF1-4D10-9A92-4CD958D65B4B}.Debug|Any CPU.ActiveCfg = Debug|Any CPU
		{923BC2BC-BAF1-4D10-9A92-4CD958D65B4B}.Debug|Any CPU.Build.0 = Debug|Any CPU
		{923BC2BC-BAF1-4D10-9A92-4CD958D65B4B}.Release|Any CPU.ActiveCfg = Release|Any CPU
		{923BC2BC-BAF1-4D10-9A92-4CD958D65B4B}.Release|Any CPU.Build.0 = Release|Any CPU
		{B6C90484-3229-4944-B78F-132E8D7C4A46}.Debug|Any CPU.ActiveCfg = Debug|Any CPU
		{B6C90484-3229-4944-B78F-132E8D7C4A46}.Debug|Any CPU.Build.0 = Debug|Any CPU
		{B6C90484-3229-4944-B78F-132E8D7C4A46}.Release|Any CPU.ActiveCfg = Release|Any CPU
		{B6C90484-3229-4944-B78F-132E8D7C4A46}.Release|Any CPU.Build.0 = Release|Any CPU
		{EB706CF3-D08E-41DF-909D-A49A1B44296B}.Debug|Any CPU.ActiveCfg = Debug|Any CPU
		{EB706CF3-D08E-41DF-909D-A49A1B44296B}.Debug|Any CPU.Build.0 = Debug|Any CPU
		{EB706CF3-D08E-41DF-909D-A49A1B44296B}.Release|Any CPU.ActiveCfg = Release|Any CPU
		{EB706CF3-D08E-41DF-909D-A49A1B44296B}.Release|Any CPU.Build.0 = Release|Any CPU
		{FB42F016-8AA4-4BDE-9DDD-B3CB297D88D1}.Debug|Any CPU.ActiveCfg = Debug|Any CPU
		{FB42F016-8AA4-4BDE-9DDD-B3CB297D88D1}.Debug|Any CPU.Build.0 = Debug|Any CPU
		{FB42F016-8AA4-4BDE-9DDD-B3CB297D88D1}.Release|Any CPU.ActiveCfg = Release|Any CPU
		{FB42F016-8AA4-4BDE-9DDD-B3CB297D88D1}.Release|Any CPU.Build.0 = Release|Any CPU
		{76FAF97E-EEA3-425E-969D-3ADC866B967F}.Debug|Any CPU.ActiveCfg = Debug|Any CPU
		{76FAF97E-EEA3-425E-969D-3ADC866B967F}.Debug|Any CPU.Build.0 = Debug|Any CPU
		{76FAF97E-EEA3-425E-969D-3ADC866B967F}.Release|Any CPU.ActiveCfg = Release|Any CPU
		{76FAF97E-EEA3-425E-969D-3ADC866B967F}.Release|Any CPU.Build.0 = Release|Any CPU
		{EE1D2D59-F914-4BB4-A028-B165FCDEC918}.Debug|Any CPU.ActiveCfg = Debug|Any CPU
		{EE1D2D59-F914-4BB4-A028-B165FCDEC918}.Debug|Any CPU.Build.0 = Debug|Any CPU
		{EE1D2D59-F914-4BB4-A028-B165FCDEC918}.Release|Any CPU.ActiveCfg = Release|Any CPU
		{EE1D2D59-F914-4BB4-A028-B165FCDEC918}.Release|Any CPU.Build.0 = Release|Any CPU
		{ADF72F37-3511-4E26-94A4-94C0B62E53B7}.Debug|Any CPU.ActiveCfg = Debug|Any CPU
		{ADF72F37-3511-4E26-94A4-94C0B62E53B7}.Debug|Any CPU.Build.0 = Debug|Any CPU
		{ADF72F37-3511-4E26-94A4-94C0B62E53B7}.Release|Any CPU.ActiveCfg = Release|Any CPU
		{ADF72F37-3511-4E26-94A4-94C0B62E53B7}.Release|Any CPU.Build.0 = Release|Any CPU
		{9A0AEA2F-FBD6-4D37-82F9-7D1D73D7778F}.Debug|Any CPU.ActiveCfg = Debug|Any CPU
		{9A0AEA2F-FBD6-4D37-82F9-7D1D73D7778F}.Debug|Any CPU.Build.0 = Debug|Any CPU
		{9A0AEA2F-FBD6-4D37-82F9-7D1D73D7778F}.Release|Any CPU.ActiveCfg = Release|Any CPU
		{9A0AEA2F-FBD6-4D37-82F9-7D1D73D7778F}.Release|Any CPU.Build.0 = Release|Any CPU
		{96455837-F2C7-476D-B84F-3CD9FB0581CB}.Debug|Any CPU.ActiveCfg = Debug|Any CPU
		{96455837-F2C7-476D-B84F-3CD9FB0581CB}.Debug|Any CPU.Build.0 = Debug|Any CPU
		{96455837-F2C7-476D-B84F-3CD9FB0581CB}.Release|Any CPU.ActiveCfg = Release|Any CPU
		{96455837-F2C7-476D-B84F-3CD9FB0581CB}.Release|Any CPU.Build.0 = Release|Any CPU
		{048F1FB2-822D-4776-B625-BA39BE6CC911}.Debug|Any CPU.ActiveCfg = Debug|Any CPU
		{048F1FB2-822D-4776-B625-BA39BE6CC911}.Debug|Any CPU.Build.0 = Debug|Any CPU
		{048F1FB2-822D-4776-B625-BA39BE6CC911}.Release|Any CPU.ActiveCfg = Release|Any CPU
		{048F1FB2-822D-4776-B625-BA39BE6CC911}.Release|Any CPU.Build.0 = Release|Any CPU
		{4CD62844-4042-4C88-B7CF-1C1A8FBAB0FB}.Debug|Any CPU.ActiveCfg = Debug|Any CPU
		{4CD62844-4042-4C88-B7CF-1C1A8FBAB0FB}.Debug|Any CPU.Build.0 = Debug|Any CPU
		{4CD62844-4042-4C88-B7CF-1C1A8FBAB0FB}.Release|Any CPU.ActiveCfg = Release|Any CPU
		{4CD62844-4042-4C88-B7CF-1C1A8FBAB0FB}.Release|Any CPU.Build.0 = Release|Any CPU
		{9DD52798-975E-4648-A7EF-BF4CCBF3CC15}.Debug|Any CPU.ActiveCfg = Debug|Any CPU
		{9DD52798-975E-4648-A7EF-BF4CCBF3CC15}.Debug|Any CPU.Build.0 = Debug|Any CPU
		{9DD52798-975E-4648-A7EF-BF4CCBF3CC15}.Release|Any CPU.ActiveCfg = Release|Any CPU
		{9DD52798-975E-4648-A7EF-BF4CCBF3CC15}.Release|Any CPU.Build.0 = Release|Any CPU
		{87155761-B156-476D-AC97-036A8DC179A3}.Debug|Any CPU.ActiveCfg = Debug|Any CPU
		{87155761-B156-476D-AC97-036A8DC179A3}.Debug|Any CPU.Build.0 = Debug|Any CPU
		{87155761-B156-476D-AC97-036A8DC179A3}.Release|Any CPU.ActiveCfg = Release|Any CPU
		{87155761-B156-476D-AC97-036A8DC179A3}.Release|Any CPU.Build.0 = Release|Any CPU
		{CAD2C02A-2A11-4D86-AFA0-A78E92D5451D}.Debug|Any CPU.ActiveCfg = Debug|Any CPU
		{CAD2C02A-2A11-4D86-AFA0-A78E92D5451D}.Debug|Any CPU.Build.0 = Debug|Any CPU
		{CAD2C02A-2A11-4D86-AFA0-A78E92D5451D}.Release|Any CPU.ActiveCfg = Release|Any CPU
		{CAD2C02A-2A11-4D86-AFA0-A78E92D5451D}.Release|Any CPU.Build.0 = Release|Any CPU
		{9B9E9BBE-90B2-41BF-9AFC-CB1213B77FE7}.Debug|Any CPU.ActiveCfg = Debug|Any CPU
		{9B9E9BBE-90B2-41BF-9AFC-CB1213B77FE7}.Debug|Any CPU.Build.0 = Debug|Any CPU
		{9B9E9BBE-90B2-41BF-9AFC-CB1213B77FE7}.Release|Any CPU.ActiveCfg = Release|Any CPU
		{9B9E9BBE-90B2-41BF-9AFC-CB1213B77FE7}.Release|Any CPU.Build.0 = Release|Any CPU
		{8188D879-D07A-4796-A50A-0230FEDA1CBC}.Debug|Any CPU.ActiveCfg = Debug|Any CPU
		{8188D879-D07A-4796-A50A-0230FEDA1CBC}.Debug|Any CPU.Build.0 = Debug|Any CPU
		{8188D879-D07A-4796-A50A-0230FEDA1CBC}.Release|Any CPU.ActiveCfg = Release|Any CPU
		{8188D879-D07A-4796-A50A-0230FEDA1CBC}.Release|Any CPU.Build.0 = Release|Any CPU
		{BB10D8FF-C754-43D1-9FBE-4506AFD24982}.Debug|Any CPU.ActiveCfg = Debug|Any CPU
		{BB10D8FF-C754-43D1-9FBE-4506AFD24982}.Debug|Any CPU.Build.0 = Debug|Any CPU
		{BB10D8FF-C754-43D1-9FBE-4506AFD24982}.Release|Any CPU.ActiveCfg = Release|Any CPU
		{BB10D8FF-C754-43D1-9FBE-4506AFD24982}.Release|Any CPU.Build.0 = Release|Any CPU
		{2D20C2B1-12CB-4A55-A729-2A465283CDBB}.Debug|Any CPU.ActiveCfg = Debug|Any CPU
		{2D20C2B1-12CB-4A55-A729-2A465283CDBB}.Debug|Any CPU.Build.0 = Debug|Any CPU
		{2D20C2B1-12CB-4A55-A729-2A465283CDBB}.Release|Any CPU.ActiveCfg = Release|Any CPU
		{2D20C2B1-12CB-4A55-A729-2A465283CDBB}.Release|Any CPU.Build.0 = Release|Any CPU
		{E4237567-0C23-474D-9C3A-B6064BCBE36F}.Debug|Any CPU.ActiveCfg = Debug|Any CPU
		{E4237567-0C23-474D-9C3A-B6064BCBE36F}.Debug|Any CPU.Build.0 = Debug|Any CPU
		{E4237567-0C23-474D-9C3A-B6064BCBE36F}.Release|Any CPU.ActiveCfg = Release|Any CPU
		{E4237567-0C23-474D-9C3A-B6064BCBE36F}.Release|Any CPU.Build.0 = Release|Any CPU
		{3C5A2FD4-5D79-449A-8753-3CA61D52C177}.Debug|Any CPU.ActiveCfg = Debug|Any CPU
		{3C5A2FD4-5D79-449A-8753-3CA61D52C177}.Debug|Any CPU.Build.0 = Debug|Any CPU
		{3C5A2FD4-5D79-449A-8753-3CA61D52C177}.Release|Any CPU.ActiveCfg = Release|Any CPU
		{3C5A2FD4-5D79-449A-8753-3CA61D52C177}.Release|Any CPU.Build.0 = Release|Any CPU
		{1642AE2B-04D3-4CB8-B564-0E9DC4E76957}.Debug|Any CPU.ActiveCfg = Debug|Any CPU
		{1642AE2B-04D3-4CB8-B564-0E9DC4E76957}.Debug|Any CPU.Build.0 = Debug|Any CPU
		{1642AE2B-04D3-4CB8-B564-0E9DC4E76957}.Release|Any CPU.ActiveCfg = Release|Any CPU
		{1642AE2B-04D3-4CB8-B564-0E9DC4E76957}.Release|Any CPU.Build.0 = Release|Any CPU
		{02AC4F9C-D757-4D45-ADBB-8E767D84C00C}.Debug|Any CPU.ActiveCfg = Debug|Any CPU
		{02AC4F9C-D757-4D45-ADBB-8E767D84C00C}.Debug|Any CPU.Build.0 = Debug|Any CPU
		{02AC4F9C-D757-4D45-ADBB-8E767D84C00C}.Release|Any CPU.ActiveCfg = Release|Any CPU
		{02AC4F9C-D757-4D45-ADBB-8E767D84C00C}.Release|Any CPU.Build.0 = Release|Any CPU
		{B1626EF9-FFE0-4CE2-8904-E3283EA6A138}.Debug|Any CPU.ActiveCfg = Debug|Any CPU
		{B1626EF9-FFE0-4CE2-8904-E3283EA6A138}.Debug|Any CPU.Build.0 = Debug|Any CPU
		{B1626EF9-FFE0-4CE2-8904-E3283EA6A138}.Release|Any CPU.ActiveCfg = Release|Any CPU
		{B1626EF9-FFE0-4CE2-8904-E3283EA6A138}.Release|Any CPU.Build.0 = Release|Any CPU
		{3BCB38E3-C2AC-465E-AB2C-DD53CFF45D5C}.Debug|Any CPU.ActiveCfg = Debug|Any CPU
		{3BCB38E3-C2AC-465E-AB2C-DD53CFF45D5C}.Debug|Any CPU.Build.0 = Debug|Any CPU
		{3BCB38E3-C2AC-465E-AB2C-DD53CFF45D5C}.Release|Any CPU.ActiveCfg = Release|Any CPU
		{3BCB38E3-C2AC-465E-AB2C-DD53CFF45D5C}.Release|Any CPU.Build.0 = Release|Any CPU
	EndGlobalSection
	GlobalSection(SolutionProperties) = preSolution
		HideSolutionNode = FALSE
	EndGlobalSection
	GlobalSection(ExtensibilityGlobals) = postSolution
		SolutionGuid = {551D2A5C-7797-4F56-BE8D-6E1D4D968C70}
	EndGlobalSection
EndGlobal
